
Microsoft Visual Studio Solution File, Format Version 12.00
# Visual Studio Version 16
VisualStudioVersion = 16.0.29911.84
MinimumVisualStudioVersion = 10.0.40219.1
Project("{9A19103F-16F7-4668-BE54-9A1E7A4F7556}") = "SiliconAward", "SiliconAward.csproj", "{4E3EF529-AE02-4A45-90A7-C44592E1FD20}"
EndProject
Project("{9A19103F-16F7-4668-BE54-9A1E7A4F7556}") = "SiliconAward.Common", "..\SiliconAward.Common\SiliconAward.Common.csproj", "{E2D26E5B-8BE5-48F9-B4A5-1DEF197CB020}"
EndProject
Project("{9A19103F-16F7-4668-BE54-9A1E7A4F7556}") = "SiliconAward.DataAccess", "..\SiliconAward.DataAccess\SiliconAward.DataAccess.csproj", "{5F7AD689-AF86-4A45-BE96-66FAA494B469}"
EndProject
Project("{9A19103F-16F7-4668-BE54-9A1E7A4F7556}") = "SiliconAward.Infrastructure", "..\SiliconAward.Infrastructure\SiliconAward.Infrastructure.csproj", "{1AA8F840-28FE-4A61-B9BB-550DA0714628}"
EndProject
Project("{9A19103F-16F7-4668-BE54-9A1E7A4F7556}") = "SiliconAward.Service", "..\SiliconAward.Service\SiliconAward.Service.csproj", "{8F009C87-9BD0-4C3C-95C9-DE75623C102F}"
EndProject
Global
	GlobalSection(SolutionConfigurationPlatforms) = preSolution
		Debug|Any CPU = Debug|Any CPU
		Release|Any CPU = Release|Any CPU
	EndGlobalSection
	GlobalSection(ProjectConfigurationPlatforms) = postSolution
		{4E3EF529-AE02-4A45-90A7-C44592E1FD20}.Debug|Any CPU.ActiveCfg = Debug|Any CPU
		{4E3EF529-AE02-4A45-90A7-C44592E1FD20}.Debug|Any CPU.Build.0 = Debug|Any CPU
		{4E3EF529-AE02-4A45-90A7-C44592E1FD20}.Release|Any CPU.ActiveCfg = Release|Any CPU
		{4E3EF529-AE02-4A45-90A7-C44592E1FD20}.Release|Any CPU.Build.0 = Release|Any CPU
		{E2D26E5B-8BE5-48F9-B4A5-1DEF197CB020}.Debug|Any CPU.ActiveCfg = Debug|Any CPU
		{E2D26E5B-8BE5-48F9-B4A5-1DEF197CB020}.Debug|Any CPU.Build.0 = Debug|Any CPU
		{E2D26E5B-8BE5-48F9-B4A5-1DEF197CB020}.Release|Any CPU.ActiveCfg = Release|Any CPU
		{E2D26E5B-8BE5-48F9-B4A5-1DEF197CB020}.Release|Any CPU.Build.0 = Release|Any CPU
		{5F7AD689-AF86-4A45-BE96-66FAA494B469}.Debug|Any CPU.ActiveCfg = Debug|Any CPU
		{5F7AD689-AF86-4A45-BE96-66FAA494B469}.Debug|Any CPU.Build.0 = Debug|Any CPU
		{5F7AD689-AF86-4A45-BE96-66FAA494B469}.Release|Any CPU.ActiveCfg = Release|Any CPU
		{5F7AD689-AF86-4A45-BE96-66FAA494B469}.Release|Any CPU.Build.0 = Release|Any CPU
		{1AA8F840-28FE-4A61-B9BB-550DA0714628}.Debug|Any CPU.ActiveCfg = Debug|Any CPU
		{1AA8F840-28FE-4A61-B9BB-550DA0714628}.Debug|Any CPU.Build.0 = Debug|Any CPU
		{1AA8F840-28FE-4A61-B9BB-550DA0714628}.Release|Any CPU.ActiveCfg = Release|Any CPU
		{1AA8F840-28FE-4A61-B9BB-550DA0714628}.Release|Any CPU.Build.0 = Release|Any CPU
		{8F009C87-9BD0-4C3C-95C9-DE75623C102F}.Debug|Any CPU.ActiveCfg = Debug|Any CPU
		{8F009C87-9BD0-4C3C-95C9-DE75623C102F}.Debug|Any CPU.Build.0 = Debug|Any CPU
		{8F009C87-9BD0-4C3C-95C9-DE75623C102F}.Release|Any CPU.ActiveCfg = Release|Any CPU
		{8F009C87-9BD0-4C3C-95C9-DE75623C102F}.Release|Any CPU.Build.0 = Release|Any CPU
	EndGlobalSection
	GlobalSection(SolutionProperties) = preSolution
		HideSolutionNode = FALSE
	EndGlobalSection
	GlobalSection(ExtensibilityGlobals) = postSolution
		SolutionGuid = {F03D2044-B5FD-4EF2-8A8C-09AE2396EFA7}
	EndGlobalSection
EndGlobal
